cloud.google.com/go v0.120.1 h1:Z+5V7yd383+9617XDCyszmK5E4wJRJL+tquMfDj9hLM=
cloud.google.com/go v0.120.1/go.mod h1:56Vs7sf/i2jYM6ZL9NYlC82r04PThNcPS5YgFmb0rp8=
cloud.google.com/go v0.121.0 h1:pgfwva8nGw7vivjZiRfrmglGWiCJBP+0OmDpenG/Fwg=
cloud.google.com/go v0.121.0/go.mod h1:rS7Kytwheu/y9buoDmu5EIpMMCI4Mb8ND4aeN4Vwj7Q=
cloud.google.com/go v0.121.1 h1:S3kTQSydxmu1JfLRLpKtxRPA7rSrYPRPEUmL/PavVUw=
cloud.google.com/go v0.121.1/go.mod h1:nRFlrHq39MNVWu+zESP2PosMWA0ryJw8KUBZ2iZpxbw=
cloud.google.com/go v0.121.2 h1:v2qQpN6Dx9x2NmwrqlesOt3Ys4ol5/lFZ6Mg1B7OJCg=
cloud.google.com/go v0.121.2/go.mod h1:nRFlrHq39MNVWu+zESP2PosMWA0ryJw8KUBZ2iZpxbw=
cloud.google.com/go v0.121.3 h1:84RD+hQXNdY5Sw/MWVAx5O9Aui/rd5VQ9HEcdN19afo=
cloud.google.com/go v0.121.3/go.mod h1:6vWF3nJWRrEUv26mMB3FEIU/o1MQNVPG1iHdisa2SJc=
cloud.google.com/go v0.121.4 h1:cVvUiY0sX0xwyxPwdSU2KsF9knOVmtRyAMt8xou0iTs=
cloud.google.com/go v0.121.4/go.mod h1:XEBchUiHFJbz4lKBZwYBDHV/rSyfFktk737TLDU089s=
github.com/davecgh/go-spew v1.1.2-0.20180830191138-d8f796af33cc h1:U9qPSI2PIWSS1VwoXQT9A3Wy9MM3WgvqSxFWenqJduM=
github.com/davecgh/go-spew v1.1.2-0.20180830191138-d8f796af33cc/go.mod h1:J7Y8YcW2NihsgmVo/mv3lAwl/skON4iLHjSsI+c5H38=
github.com/google/go-cmp v0.7.0 h1:wk8382ETsv4JYUZwIsn6YpYiWiBsYLSJiTsyBybVuN8=
github.com/google/go-cmp v0.7.0/go.mod h1:pXiqmnSA92OHEEa9HXL2W4E7lf9JzCmGVUdgjX3N/iU=
github.com/moov-io/base v0.54.4 h1:E5eThBonMp7qLLjyWcdMyF0GJZkUEqml/XUmVcYyO2A=
github.com/moov-io/base v0.54.4/go.mod h1:Kv7dUpZ2eKKC2yrNQN/zbkeRmTH1CNojxpp31UmH4yo=
github.com/moov-io/base v0.55.0 h1:eP0r9rQEcbhkNxm+MFrCVCONLrycHXbajo8Vf1PXEuY=
github.com/moov-io/base v0.55.0/go.mod h1:1NCnzm42u3Ef1bWGYQ1YNhQzzoDLey8YfSwTtQoyWv0=
github.com/moov-io/base v0.55.1 h1:bnbphcE7+E4wpK0CYOCuo6KbLKFWyqTGri1yHukMYeM=
github.com/moov-io/base v0.55.1/go.mod h1:Aiq0LQFbE1ha+bAOGxDtnu8ZEGzZorcIK/1jALBPk/E=
github.com/moov-io/base v0.56.0 h1:zNeviN7lW3hP0lsVeKwLYb8dTxcFvVTPX5xwrelCl8s=
github.com/moov-io/base v0.56.0/go.mod h1:Aiq0LQFbE1ha+bAOGxDtnu8ZEGzZorcIK/1jALBPk/E=
github.com/moov-io/base v0.57.0 h1:GhhLX5N15homCejycjc+o/mr4NbTu8v6IDLDGQPoACs=
github.com/moov-io/base v0.57.0/go.mod h1:Aiq0LQFbE1ha+bAOGxDtnu8ZEGzZorcIK/1jALBPk/E=
github.com/pmezard/go-difflib v1.0.1-0.20181226105442-5d4384ee4fb2 h1:Jamvg5psRIccs7FGNTlIRMkT8wgtp5eCXdBlqhYGL6U=
github.com/pmezard/go-difflib v1.0.1-0.20181226105442-5d4384ee4fb2/go.mod h1:iKH77koFhYxTK1pcRnkKkqfTogsbg7gZNVY4sRDYZ/4=
github.com/rickar/cal/v2 v2.1.23 h1:uTYRCpZwMKIBIyNhjf+24ukdt3n8JegMZCst4om79FA=
github.com/rickar/cal/v2 v2.1.23/go.mod h1:/fdlMcx7GjPlIBibMzOM9gMvDBsrK+mOtRXdTzUqV/A=
github.com/stretchr/testify v1.10.0 h1:Xv5erBjTwe/5IxqUQTdXv5kgmIvbHo3QQyRwhJsOfJA=
github.com/stretchr/testify v1.10.0/go.mod h1:r2ic/lqez/lEtzL7wO/rwa5dbSLXVDPFyf8C91i36aY=
gopkg.in/check.v1 v0.0.0-20161208181325-20d25e280405 h1:yhCVgyC4o1eVCa2tZl7eS0r+SDo693bJlVdllGtEeKM=
gopkg.in/check.v1 v0.0.0-20161208181325-20d25e280405/go.mod h1:Co6ibVJAznAaIkqp8huTwlJQCZ016jof/cbN4VW5Yz0=
gopkg.in/yaml.v3 v3.0.1 h1:fxVm/GzAzEWqLHuvctI91KS9hhNmmWOoWu0XTYJS7CA=
gopkg.in/yaml.v3 v3.0.1/go.mod h1:K4uyk7z7BCEPqu6E+C64Yfv1cQ7kz7rIZviUmN+EgEM=
